{
  "name": "llama_index",
  "lockfileVersion": 3,
  "requires": true,
  "packages": {
    "": {
      "dependencies": {
        "@lexical/react": "^0.11.1",
        "lexical": "^0.11.1"
      }
    },
    "node_modules/@babel/runtime": {
      "version": "7.22.3",
      "resolved": "https://registry.npmjs.org/@babel/runtime/-/runtime-7.22.3.tgz",
      "integrity": "sha512-XsDuspWKLUsxwCp6r7EhsExHtYfbe5oAGQ19kqngTdCPUoPQzOPdUbD/pB9PJiwb2ptYKQDjSJT3R6dC+EPqfQ==",
      "dependencies": {
        "regenerator-runtime": "^0.13.11"
      },
      "engines": {
        "node": ">=6.9.0"
      }
    },
    "node_modules/@lexical/clipboard": {
      "version": "0.11.1",
      "resolved": "https://registry.npmjs.org/@lexical/clipboard/-/clipboard-0.11.1.tgz",
      "integrity": "sha512-xwesC2BMv+/ZF0DRMaTPHr4hrnaEbqsfkL1MG+xtqHZOM+paavXqEYp2Uh4WEAaSsmkIFWbrxP1Kraq9O8EZbw==",
      "dependencies": {
        "@lexical/html": "0.11.1",
        "@lexical/list": "0.11.1",
        "@lexical/selection": "0.11.1",
        "@lexical/utils": "0.11.1"
      },
      "peerDependencies": {
        "lexical": "0.11.1"
      }
    },
    "node_modules/@lexical/code": {
      "version": "0.11.1",
      "resolved": "https://registry.npmjs.org/@lexical/code/-/code-0.11.1.tgz",
      "integrity": "sha512-6XIclSRdPI3E6QtM0sVvip4M5xSvbghoyUnG0hiGjYv5py73748VrRnkr1JF0narSXeKSLKKe4j7IssTaKYS0A==",
      "dependencies": {
        "@lexical/utils": "0.11.1",
        "prismjs": "^1.27.0"
      },
      "peerDependencies": {
        "lexical": "0.11.1"
      }
    },
    "node_modules/@lexical/dragon": {
      "version": "0.11.1",
      "resolved": "https://registry.npmjs.org/@lexical/dragon/-/dragon-0.11.1.tgz",
      "integrity": "sha512-Yg4lsaHgHdgxMFdz8bapfPHXevxk5rgegleJxsmx/c59+MLG7/R7h1ZIVRoZesIhlYF1rvvZHuWzQCJRqleCrQ==",
      "peerDependencies": {
        "lexical": "0.11.1"
      }
    },
    "node_modules/@lexical/hashtag": {
      "version": "0.11.1",
      "resolved": "https://registry.npmjs.org/@lexical/hashtag/-/hashtag-0.11.1.tgz",
      "integrity": "sha512-DcAhrVmJ7pJ49z3oGkA8kd+oPtgglsoM89GkBTOOTh0hF8f2y0xpsaRVY/+YnOn7mxE3SAC2DDVh5txqOzZ1HQ==",
      "dependencies": {
        "@lexical/utils": "0.11.1"
      },
      "peerDependencies": {
        "lexical": "0.11.1"
      }
    },
    "node_modules/@lexical/history": {
      "version": "0.11.1",
      "resolved": "https://registry.npmjs.org/@lexical/history/-/history-0.11.1.tgz",
      "integrity": "sha512-JDwTb3GvD3GwIsAekdSLSZkKKA9iGVwt/ncnf75hKC19dLogsRmFqlT7gvZGnYmX8QlYhKTb3wyUQsn7Iax3qA==",
      "dependencies": {
        "@lexical/utils": "0.11.1"
      },
      "peerDependencies": {
        "lexical": "0.11.1"
      }
    },
    "node_modules/@lexical/html": {
      "version": "0.11.1",
      "resolved": "https://registry.npmjs.org/@lexical/html/-/html-0.11.1.tgz",
      "integrity": "sha512-tkXPpJCM73VwMynnWwZPqdL8gN9ydGtJsPz28Q1m5P3WD6sFERwCasJxYyMPCcL3KfGQ6a0WZCCEtnyUn7VQkg==",
      "dependencies": {
        "@lexical/selection": "0.11.1"
      },
      "peerDependencies": {
        "lexical": "0.11.1"
      }
    },
    "node_modules/@lexical/link": {
      "version": "0.11.1",
      "resolved": "https://registry.npmjs.org/@lexical/link/-/link-0.11.1.tgz",
      "integrity": "sha512-eEVZfSvdYKyjv5g35Rm50y+gglg4d5hgjiWuHzynT6XknU1VmR/WknEdSQybPK9vo2E2qf3qURyp1oAUaAPVjw==",
      "dependencies": {
        "@lexical/utils": "0.11.1"
      },
      "peerDependencies": {
        "lexical": "0.11.1"
      }
    },
    "node_modules/@lexical/list": {
      "version": "0.11.1",
      "resolved": "https://registry.npmjs.org/@lexical/list/-/list-0.11.1.tgz",
      "integrity": "sha512-gONvM0q0eyA7yaSQ9WnoVs0riUrgilqVS4mdXDu3UKlr0hcDfJICEZO8ooorFu9yRkNzp8HRIkGByW6oQBa1cQ==",
      "dependencies": {
        "@lexical/utils": "0.11.1"
      },
      "peerDependencies": {
        "lexical": "0.11.1"
      }
    },
    "node_modules/@lexical/mark": {
      "version": "0.11.1",
      "resolved": "https://registry.npmjs.org/@lexical/mark/-/mark-0.11.1.tgz",
      "integrity": "sha512-HA9XTrfXFmipxsFbtDTN8uQl7v9EPm40C4LgJKc2PFV7uNXnz/KF6FE5Gwe/iz/ueMF0EH288t7w3J2KuHbFkQ==",
      "dependencies": {
        "@lexical/utils": "0.11.1"
      },
      "peerDependencies": {
        "lexical": "0.11.1"
      }
    },
    "node_modules/@lexical/markdown": {
      "version": "0.11.1",
      "resolved": "https://registry.npmjs.org/@lexical/markdown/-/markdown-0.11.1.tgz",
      "integrity": "sha512-yk8q2808PJrW7yT5ym/4j78lkNCdi/rWmbZN49tNtetWClddHPEYifdOfuSsf2aAOx65/23B7zHs87BuyzXWFw==",
      "dependencies": {
        "@lexical/code": "0.11.1",
        "@lexical/link": "0.11.1",
        "@lexical/list": "0.11.1",
        "@lexical/rich-text": "0.11.1",
        "@lexical/text": "0.11.1",
        "@lexical/utils": "0.11.1"
      },
      "peerDependencies": {
        "lexical": "0.11.1"
      }
    },
    "node_modules/@lexical/offset": {
      "version": "0.11.1",
      "resolved": "https://registry.npmjs.org/@lexical/offset/-/offset-0.11.1.tgz",
      "integrity": "sha512-x6ERzo1cHoL9tcetpomqnf52EJ8f/wAF4vnEbJ9k/BRAZJQBc3UX/WYx+IyycxCBVeh3mxOhjZHqesYCvPFTRw==",
      "peerDependencies": {
        "lexical": "0.11.1"
      }
    },
    "node_modules/@lexical/overflow": {
      "version": "0.11.1",
      "resolved": "https://registry.npmjs.org/@lexical/overflow/-/overflow-0.11.1.tgz",
      "integrity": "sha512-mx99fWfGjbr6Va/jPgsagUJzYzC0WV7us43HYk98XSJJpz/dPapNyRUARJrSinv/iu47HkA1X4Kvgd6LqbIvxA==",
      "peerDependencies": {
        "lexical": "0.11.1"
      }
    },
    "node_modules/@lexical/plain-text": {
      "version": "0.11.1",
      "resolved": "https://registry.npmjs.org/@lexical/plain-text/-/plain-text-0.11.1.tgz",
      "integrity": "sha512-G4OlqDTPWR2S58ONzEtyJW0XvTh0M46mhCzldrvJatcOUNrnCqL9ZeL3LSld/IRz8T4sjCRD6E1QjAFy51DUxg==",
      "peerDependencies": {
        "@lexical/clipboard": "0.11.1",
        "@lexical/selection": "0.11.1",
        "@lexical/utils": "0.11.1",
        "lexical": "0.11.1"
      }
    },
    "node_modules/@lexical/react": {
      "version": "0.11.1",
      "resolved": "https://registry.npmjs.org/@lexical/react/-/react-0.11.1.tgz",
      "integrity": "sha512-iXZusD0Z+eqttuh8s58ZP3H+tn0V1JYOay/Xo3y6/N+UXJ3NpBfVXRQB97cY/861jezMgbmvcjXuhH/rlKCvSg==",
      "dependencies": {
        "@lexical/clipboard": "0.11.1",
        "@lexical/code": "0.11.1",
        "@lexical/dragon": "0.11.1",
        "@lexical/hashtag": "0.11.1",
        "@lexical/history": "0.11.1",
        "@lexical/link": "0.11.1",
        "@lexical/list": "0.11.1",
        "@lexical/mark": "0.11.1",
        "@lexical/markdown": "0.11.1",
        "@lexical/overflow": "0.11.1",
        "@lexical/plain-text": "0.11.1",
        "@lexical/rich-text": "0.11.1",
        "@lexical/selection": "0.11.1",
        "@lexical/table": "0.11.1",
        "@lexical/text": "0.11.1",
        "@lexical/utils": "0.11.1",
        "@lexical/yjs": "0.11.1",
        "react-error-boundary": "^3.1.4"
      },
      "peerDependencies": {
        "lexical": "0.11.1",
        "react": ">=17.x",
        "react-dom": ">=17.x"
      }
    },
    "node_modules/@lexical/rich-text": {
      "version": "0.11.1",
      "resolved": "https://registry.npmjs.org/@lexical/rich-text/-/rich-text-0.11.1.tgz",
      "integrity": "sha512-cwko/7VuvHd8nuvt0GTaOxxpDpT24NnP15C0ZMJ6LVBgqKz7hOqhZZ6iAB/JOrivifF9nGBlC+jabZF75Gz3Fw==",
      "peerDependencies": {
        "@lexical/clipboard": "0.11.1",
        "@lexical/selection": "0.11.1",
        "@lexical/utils": "0.11.1",
        "lexical": "0.11.1"
      }
    },
    "node_modules/@lexical/selection": {
      "version": "0.11.1",
      "resolved": "https://registry.npmjs.org/@lexical/selection/-/selection-0.11.1.tgz",
      "integrity": "sha512-sSiwWlu7LmxasdXAWcphtf5+ZK/6GRe3e/SAuCULfcrvYtEQrXIeyZt1IAvMxStELdQgf8vd0PzwajKcYjEM4A==",
      "peerDependencies": {
        "lexical": "0.11.1"
      }
    },
    "node_modules/@lexical/table": {
      "version": "0.11.1",
      "resolved": "https://registry.npmjs.org/@lexical/table/-/table-0.11.1.tgz",
      "integrity": "sha512-v5HNW6jk4BHFsxsr8tPhAgokWUxL/ekvIHByXnikgEXVQiG7NPXMt7PWKVdOhH4Pn+OeF/OeeqcsTSh1/I8ZKQ==",
      "dependencies": {
        "@lexical/utils": "0.11.1"
      },
      "peerDependencies": {
        "lexical": "0.11.1"
      }
    },
    "node_modules/@lexical/text": {
      "version": "0.11.1",
      "resolved": "https://registry.npmjs.org/@lexical/text/-/text-0.11.1.tgz",
      "integrity": "sha512-TQ9vb24sStMicnJaGT9U6yUCVXTIVFHAzt5cMPtr7hK6b1CsJPMTRmsM7n5vIo9xnHM9SLLe01AxwL2O7I1QKg==",
      "peerDependencies": {
        "lexical": "0.11.1"
      }
    },
    "node_modules/@lexical/utils": {
      "version": "0.11.1",
      "resolved": "https://registry.npmjs.org/@lexical/utils/-/utils-0.11.1.tgz",
      "integrity": "sha512-Sssv82m0yJgRBvShZDZnE4KNX+8O49sAI1Mc2kRKoTlSSbpmpEcrbJnz8S2bmbYcyHalP8+Id/GFziOclI3zUQ==",
      "dependencies": {
        "@lexical/list": "0.11.1",
        "@lexical/selection": "0.11.1",
        "@lexical/table": "0.11.1"
      },
      "peerDependencies": {
        "lexical": "0.11.1"
      }
    },
    "node_modules/@lexical/yjs": {
      "version": "0.11.1",
      "resolved": "https://registry.npmjs.org/@lexical/yjs/-/yjs-0.11.1.tgz",
      "integrity": "sha512-69Q462s4roXN6S8mk/ogMRZNyqLY024w38RzMVvJkY/W7sz30vPNX1RyEDHvTjgBhPXQqhRgmDUPT2V3lE7dRg==",
      "dependencies": {
        "@lexical/offset": "0.11.1"
      },
      "peerDependencies": {
        "lexical": "0.11.1",
        "yjs": ">=13.5.22"
      }
    },
    "node_modules/isomorphic.js": {
      "version": "0.2.5",
      "resolved": "https://registry.npmjs.org/isomorphic.js/-/isomorphic.js-0.2.5.tgz",
      "integrity": "sha512-PIeMbHqMt4DnUP3MA/Flc0HElYjMXArsw1qwJZcm9sqR8mq3l8NYizFMty0pWwE/tzIGH3EKK5+jes5mAr85yw==",
      "peer": true,
      "funding": {
        "type": "GitHub Sponsors ❤",
        "url": "https://github.com/sponsors/dmonad"
      }
    },
    "node_modules/js-tokens": {
      "version": "4.0.0",
      "resolved": "https://registry.npmjs.org/js-tokens/-/js-tokens-4.0.0.tgz",
      "integrity": "sha512-RdJUflcE3cUzKiMqQgsCu06FPu9UdIJO0beYbPhHN4k6apgJtifcoCtT9bcxOpYBtpD2kCM6Sbzg4CausW/PKQ==",
      "peer": true
    },
    "node_modules/lexical": {
      "version": "0.11.1",
      "resolved": "https://registry.npmjs.org/lexical/-/lexical-0.11.1.tgz",
      "integrity": "sha512-PhAGADxqzwJldmkVK5tvkaARTULCdeJjfhxWTnJQXTAlApE9heJir7SWxbxeUx1G5gdKZQFicGhOQlDXJmma2Q=="
    },
    "node_modules/lib0": {
      "version": "0.2.78",
      "resolved": "https://registry.npmjs.org/lib0/-/lib0-0.2.78.tgz",
      "integrity": "sha512-SV2nU43/6eaYnGH3l0lg2wg1ziB/TH3sAd2E8quXPGwrqo+aX98SNT2ZKucpUr5B8A52jD7ZMjAl+r87Fa/bLQ==",
      "peer": true,
      "dependencies": {
        "isomorphic.js": "^0.2.4"
      },
      "bin": {
        "0gentesthtml": "bin/gentesthtml.js",
        "0serve": "bin/0serve.js"
      },
      "engines": {
        "node": ">=16"
      },
      "funding": {
        "type": "GitHub Sponsors ❤",
        "url": "https://github.com/sponsors/dmonad"
      }
    },
    "node_modules/loose-envify": {
      "version": "1.4.0",
      "resolved": "https://registry.npmjs.org/loose-envify/-/loose-envify-1.4.0.tgz",
      "integrity": "sha512-lyuxPGr/Wfhrlem2CL/UcnUc1zcqKAImBDzukY7Y5F/yQiNdko6+fRLevlw1HgMySw7f611UIY408EtxRSoK3Q==",
      "peer": true,
      "dependencies": {
        "js-tokens": "^3.0.0 || ^4.0.0"
      },
      "bin": {
        "loose-envify": "cli.js"
      }
    },
    "node_modules/prismjs": {
      "version": "1.29.0",
      "resolved": "https://registry.npmjs.org/prismjs/-/prismjs-1.29.0.tgz",
      "integrity": "sha512-Kx/1w86q/epKcmte75LNrEoT+lX8pBpavuAbvJWRXar7Hz8jrtF+e3vY751p0R8H9HdArwaCTNDDzHg/ScJK1Q==",
      "engines": {
        "node": ">=6"
      }
    },
    "node_modules/react": {
      "version": "18.2.0",
      "resolved": "https://registry.npmjs.org/react/-/react-18.2.0.tgz",
      "integrity": "sha512-/3IjMdb2L9QbBdWiW5e3P2/npwMBaU9mHCSCUzNln0ZCYbcfTsGbTJrU/kGemdH2IWmB2ioZ+zkxtmq6g09fGQ==",
      "peer": true,
      "dependencies": {
        "loose-envify": "^1.1.0"
      },
      "engines": {
        "node": ">=0.10.0"
      }
    },
    "node_modules/react-dom": {
      "version": "18.2.0",
      "resolved": "https://registry.npmjs.org/react-dom/-/react-dom-18.2.0.tgz",
      "integrity": "sha512-6IMTriUmvsjHUjNtEDudZfuDQUoWXVxKHhlEGSk81n4YFS+r/Kl99wXiwlVXtPBtJenozv2P+hxDsw9eA7Xo6g==",
      "peer": true,
      "dependencies": {
        "loose-envify": "^1.1.0",
        "scheduler": "^0.23.0"
      },
      "peerDependencies": {
        "react": "^18.2.0"
      }
    },
    "node_modules/react-error-boundary": {
      "version": "3.1.4",
      "resolved": "https://registry.npmjs.org/react-error-boundary/-/react-error-boundary-3.1.4.tgz",
      "integrity": "sha512-uM9uPzZJTF6wRQORmSrvOIgt4lJ9MC1sNgEOj2XGsDTRE4kmpWxg7ENK9EWNKJRMAOY9z0MuF4yIfl6gp4sotA==",
      "dependencies": {
        "@babel/runtime": "^7.12.5"
      },
      "engines": {
        "node": ">=10",
        "npm": ">=6"
      },
      "peerDependencies": {
        "react": ">=16.13.1"
      }
    },
    "node_modules/regenerator-runtime": {
      "version": "0.13.11",
      "resolved": "https://registry.npmjs.org/regenerator-runtime/-/regenerator-runtime-0.13.11.tgz",
      "integrity": "sha512-kY1AZVr2Ra+t+piVaJ4gxaFaReZVH40AKNo7UCX6W+dEwBo/2oZJzqfuN1qLq1oL45o56cPaTXELwrTh8Fpggg=="
    },
    "node_modules/scheduler": {
      "version": "0.23.0",
      "resolved": "https://registry.npmjs.org/scheduler/-/scheduler-0.23.0.tgz",
      "integrity": "sha512-CtuThmgHNg7zIZWAXi3AsyIzA3n4xx7aNyjwC2VJldO2LMVDhFK+63xGqq6CsJH4rTAt6/M+N4GhZiDYPx9eUw==",
      "peer": true,
      "dependencies": {
        "loose-envify": "^1.1.0"
      }
    },
    "node_modules/yjs": {
      "version": "13.6.1",
      "resolved": "https://registry.npmjs.org/yjs/-/yjs-13.6.1.tgz",
      "integrity": "sha512-IyyHL+/v9N2S4YLSjGHMa0vMAfFxq8RDG5Nvb77raTTHJPweU3L/fRlqw6ElZvZUuHWnax3ufHR0Tx0ntfG63Q==",
      "peer": true,
      "dependencies": {
        "lib0": "^0.2.74"
      },
      "engines": {
        "node": ">=16.0.0",
        "npm": ">=8.0.0"
      },
      "funding": {
        "type": "GitHub Sponsors ❤",
        "url": "https://github.com/sponsors/dmonad"
      }
    }
  }
}
